
Microsoft Visual Studio Solution File, Format Version 12.00
# Visual Studio Version 16
VisualStudioVersion = 16.0.30523.141
MinimumVisualStudioVersion = 10.0.40219.1
Project("{FAE04EC0-301F-11D3-BF4B-00C04F79EFBC}") = "PhotoAlbumApi", "PhotoAlbumApi.csproj", "{D05D507B-B3BD-41DA-9797-C0A8CF5C8553}"
EndProject
Global
	GlobalSection(SolutionConfigurationPlatforms) = preSolution
		Debug|Any CPU = Debug|Any CPU
		Release|Any CPU = Release|Any CPU
	EndGlobalSection
	GlobalSection(ProjectConfigurationPlatforms) = postSolution
		{D05D507B-B3BD-41DA-9797-C0A8CF5C8553}.Debug|Any CPU.ActiveCfg = Debug|Any CPU
		{D05D507B-B3BD-41DA-9797-C0A8CF5C8553}.Debug|Any CPU.Build.0 = Debug|Any CPU
		{D05D507B-B3BD-41DA-9797-C0A8CF5C8553}.Release|Any CPU.ActiveCfg = Release|Any CPU
		{D05D507B-B3BD-41DA-9797-C0A8CF5C8553}.Release|Any CPU.Build.0 = Release|Any CPU
	EndGlobalSection
	GlobalSection(SolutionProperties) = preSolution
		HideSolutionNode = FALSE
	EndGlobalSection
	GlobalSection(ExtensibilityGlobals) = postSolution
		SolutionGuid = {3A2B2A78-1F94-4E9E-988B-3ADDD311518F}
	EndGlobalSection
EndGlobal
